// !$*UTF8*$!
{
	archiveVersion = 1;
	classes = {
	};
	objectVersion = 77;
	objects = {

/* Begin PBXContainerItemProxy section */
		043AA1182DBE1B0F00EF0715 /* PBXContainerItemProxy */ = {
			isa = PBXContainerItemProxy;
			containerPortal = 043AA1022DBE1B0D00EF0715 /* Project object */;
			proxyType = 1;
			remoteGlobalIDString = 043AA1092DBE1B0D00EF0715;
			remoteInfo = GitHubUserBrowserApp;
		};
		043AA1222DBE1B0F00EF0715 /* PBXContainerItemProxy */ = {
			isa = PBXContainerItemProxy;
			containerPortal = 043AA1022DBE1B0D00EF0715 /* Project object */;
			proxyType = 1;
			remoteGlobalIDString = 043AA1092DBE1B0D00EF0715;
			remoteInfo = GitHubUserBrowserApp;
		};
/* End PBXContainerItemProxy section */

/* Begin PBXFileReference section */
		043AA10A2DBE1B0D00EF0715 /* GitHubUserBrowserApp.app */ = {isa = PBXFileReference; explicitFileType = wrapper.application; includeInIndex = 0; path = GitHubUserBrowserApp.app; sourceTree = BUILT_PRODUCTS_DIR; };
		043AA1172DBE1B0F00EF0715 /* GitHubUserBrowserAppTests.xctest */ = {isa = PBXFileReference; explicitFileType = wrapper.cfbundle; includeInIndex = 0; path = GitHubUserBrowserAppTests.xctest; sourceTree = BUILT_PRODUCTS_DIR; };
		043AA1212DBE1B0F00EF0715 /* GitHubUserBrowserAppUITests.xctest */ = {isa = PBXFileReference; explicitFileType = wrapper.cfbundle; includeInIndex = 0; path = GitHubUserBrowserAppUITests.xctest; sourceTree = BUILT_PRODUCTS_DIR; };
/* End PBXFileReference section */

/* Begin PBXFileSystemSynchronizedRootGroup section */
		043AA10C2DBE1B0D00EF0715 /* GitHubUserBrowserApp */ = {
			isa = PBXFileSystemSynchronizedRootGroup;
			path = GitHubUserBrowserApp;
			sourceTree = "<group>";
		};
		043AA11A2DBE1B0F00EF0715 /* GitHubUserBrowserAppTests */ = {
			isa = PBXFileSystemSynchronizedRootGroup;
			path = GitHubUserBrowserAppTests;
			sourceTree = "<group>";
		};
		043AA1242DBE1B0F00EF0715 /* GitHubUserBrowserAppUITests */ = {
			isa = PBXFileSystemSynchronizedRootGroup;
			path = GitHubUserBrowserAppUITests;
			sourceTree = "<group>";
		};
/* End PBXFileSystemSynchronizedRootGroup section */

/* Begin PBXFrameworksBuildPhase section */
		043AA1072DBE1B0D00EF0715 /* Frameworks */ = {
			isa = PBXFrameworksBuildPhase;
			buildActionMask = 2147483647;
			files = (
			);
			runOnlyForDeploymentPostprocessing = 0;
		};
		043AA1142DBE1B0F00EF0715 /* Frameworks */ = {
			isa = PBXFrameworksBuildPhase;
			buildActionMask = 2147483647;
			files = (
			);
			runOnlyForDeploymentPostprocessing = 0;
		};
		043AA11E2DBE1B0F00EF0715 /* Frameworks */ = {
			isa = PBXFrameworksBuildPhase;
			buildActionMask = 2147483647;
			files = (
			);
			runOnlyForDeploymentPostprocessing = 0;
		};
/* End PBXFrameworksBuildPhase section */

/* Begin PBXGroup section */
		043AA1012DBE1B0D00EF0715 = {
			isa = PBXGroup;
			children = (
				043AA10C2DBE1B0D00EF0715 /* GitHubUserBrowserApp */,
				043AA11A2DBE1B0F00EF0715 /* GitHubUserBrowserAppTests */,
				043AA1242DBE1B0F00EF0715 /* GitHubUserBrowserAppUITests */,
				043AA10B2DBE1B0D00EF0715 /* Products */,
			);
			sourceTree = "<group>";
		};
		043AA10B2DBE1B0D00EF0715 /* Products */ = {
			isa = PBXGroup;
			children = (
				043AA10A2DBE1B0D00EF0715 /* GitHubUserBrowserApp.app */,
				043AA1172DBE1B0F00EF0715 /* GitHubUserBrowserAppTests.xctest */,
				043AA1212DBE1B0F00EF0715 /* GitHubUserBrowserAppUITests.xctest */,
			);
			name = Products;
			sourceTree = "<group>";
		};
/* End PBXGroup section */

/* Begin PBXNativeTarget section */
		043AA1092DBE1B0D00EF0715 /* GitHubUserBrowserApp */ = {
			isa = PBXNativeTarget;
			buildConfigurationList = 043AA12B2DBE1B0F00EF0715 /* Build configuration list for PBXNativeTarget "GitHubUserBrowserApp" */;
			buildPhases = (
				043AA1062DBE1B0D00EF0715 /* Sources */,
				043AA1072DBE1B0D00EF0715 /* Frameworks */,
				043AA1082DBE1B0D00EF0715 /* Resources */,
			);
			buildRules = (
			);
			dependencies = (
			);
			fileSystemSynchronizedGroups = (
				043AA10C2DBE1B0D00EF0715 /* GitHubUserBrowserApp */,
			);
			name = GitHubUserBrowserApp;
			packageProductDependencies = (
			);
			productName = GitHubUserBrowserApp;
			productReference = 043AA10A2DBE1B0D00EF0715 /* GitHubUserBrowserApp.app */;
			productType = "com.apple.product-type.application";
		};
		043AA1162DBE1B0F00EF0715 /* GitHubUserBrowserAppTests */ = {
			isa = PBXNativeTarget;
			buildConfigurationList = 043AA12E2DBE1B0F00EF0715 /* Build configuration list for PBXNativeTarget "GitHubUserBrowserAppTests" */;
			buildPhases = (
				043AA1132DBE1B0F00EF0715 /* Sources */,
				043AA1142DBE1B0F00EF0715 /* Frameworks */,
				043AA1152DBE1B0F00EF0715 /* Resources */,
			);
			buildRules = (
			);
			dependencies = (
				043AA1192DBE1B0F00EF0715 /* PBXTargetDependency */,
			);
			fileSystemSynchronizedGroups = (
				043AA11A2DBE1B0F00EF0715 /* GitHubUserBrowserAppTests */,
			);
			name = GitHubUserBrowserAppTests;
			packageProductDependencies = (
			);
			productName = GitHubUserBrowserAppTests;
			productReference = 043AA1172DBE1B0F00EF0715 /* GitHubUserBrowserAppTests.xctest */;
			productType = "com.apple.product-type.bundle.unit-test";
		};
		043AA1202DBE1B0F00EF0715 /* GitHubUserBrowserAppUITests */ = {
			isa = PBXNativeTarget;
			buildConfigurationList = 043AA1312DBE1B0F00EF0715 /* Build configuration list for PBXNativeTarget "GitHubUserBrowserAppUITests" */;
			buildPhases = (
				043AA11D2DBE1B0F00EF0715 /* Sources */,
				043AA11E2DBE1B0F00EF0715 /* Frameworks */,
				043AA11F2DBE1B0F00EF0715 /* Resources */,
			);
			buildRules = (
			);
			dependencies = (
				043AA1232DBE1B0F00EF0715 /* PBXTargetDependency */,
			);
			fileSystemSynchronizedGroups = (
				043AA1242DBE1B0F00EF0715 /* GitHubUserBrowserAppUITests */,
			);
			name = GitHubUserBrowserAppUITests;
			packageProductDependencies = (
			);
			productName = GitHubUserBrowserAppUITests;
			productReference = 043AA1212DBE1B0F00EF0715 /* GitHubUserBrowserAppUITests.xctest */;
			productType = "com.apple.product-type.bundle.ui-testing";
		};
/* End PBXNativeTarget section */

/* Begin PBXProject section */
		043AA1022DBE1B0D00EF0715 /* Project object */ = {
			isa = PBXProject;
			attributes = {
				BuildIndependentTargetsInParallel = 1;
				LastSwiftUpdateCheck = 1630;
				LastUpgradeCheck = 1630;
				TargetAttributes = {
					043AA1092DBE1B0D00EF0715 = {
						CreatedOnToolsVersion = 16.3;
					};
					043AA1162DBE1B0F00EF0715 = {
						CreatedOnToolsVersion = 16.3;
						TestTargetID = 043AA1092DBE1B0D00EF0715;
					};
					043AA1202DBE1B0F00EF0715 = {
						CreatedOnToolsVersion = 16.3;
						TestTargetID = 043AA1092DBE1B0D00EF0715;
					};
				};
			};
			buildConfigurationList = 043AA1052DBE1B0D00EF0715 /* Build configuration list for PBXProject "GitHubUserBrowserApp" */;
			developmentRegion = en;
			hasScannedForEncodings = 0;
			knownRegions = (
				en,
				Base,
			);
			mainGroup = 043AA1012DBE1B0D00EF0715;
			minimizedProjectReferenceProxies = 1;
			preferredProjectObjectVersion = 77;
			productRefGroup = 043AA10B2DBE1B0D00EF0715 /* Products */;
			projectDirPath = "";
			projectRoot = "";
			targets = (
				043AA1092DBE1B0D00EF0715 /* GitHubUserBrowserApp */,
				043AA1162DBE1B0F00EF0715 /* GitHubUserBrowserAppTests */,
				043AA1202DBE1B0F00EF0715 /* GitHubUserBrowserAppUITests */,
			);
		};
/* End PBXProject section */

/* Begin PBXResourcesBuildPhase section */
		043AA1082DBE1B0D00EF0715 /* Resources */ = {
			isa = PBXResourcesBuildPhase;
			buildActionMask = 2147483647;
			files = (
			);
			runOnlyForDeploymentPostprocessing = 0;
		};
		043AA1152DBE1B0F00EF0715 /* Resources */ = {
			isa = PBXResourcesBuildPhase;
			buildActionMask = 2147483647;
			files = (
			);
			runOnlyForDeploymentPostprocessing = 0;
		};
		043AA11F2DBE1B0F00EF0715 /* Resources */ = {
			isa = PBXResourcesBuildPhase;
			buildActionMask = 2147483647;
			files = (
			);
			runOnlyForDeploymentPostprocessing = 0;
		};
/* End PBXResourcesBuildPhase section */

/* Begin PBXSourcesBuildPhase section */
		043AA1062DBE1B0D00EF0715 /* Sources */ = {
			isa = PBXSourcesBuildPhase;
			buildActionMask = 2147483647;
			files = (
			);
			runOnlyForDeploymentPostprocessing = 0;
		};
		043AA1132DBE1B0F00EF0715 /* Sources */ = {
			isa = PBXSourcesBuildPhase;
			buildActionMask = 2147483647;
			files = (
			);
			runOnlyForDeploymentPostprocessing = 0;
		};
		043AA11D2DBE1B0F00EF0715 /* Sources */ = {
			isa = PBXSourcesBuildPhase;
			buildActionMask = 2147483647;
			files = (
			);
			runOnlyForDeploymentPostprocessing = 0;
		};
/* End PBXSourcesBuildPhase section */

/* Begin PBXTargetDependency section */
		043AA1192DBE1B0F00EF0715 /* PBXTargetDependency */ = {
			isa = PBXTargetDependency;
			target = 043AA1092DBE1B0D00EF0715 /* GitHubUserBrowserApp */;
			targetProxy = 043AA1182DBE1B0F00EF0715 /* PBXContainerItemProxy */;
		};
		043AA1232DBE1B0F00EF0715 /* PBXTargetDependency */ = {
			isa = PBXTargetDependency;
			target = 043AA1092DBE1B0D00EF0715 /* GitHubUserBrowserApp */;
			targetProxy = 043AA1222DBE1B0F00EF0715 /* PBXContainerItemProxy */;
		};
/* End PBXTargetDependency section */

/* Begin XCBuildConfiguration section */
		043AA1292DBE1B0F00EF0715 /* Debug */ = {
			isa = XCBuildConfiguration;
			buildSettings = {
				ALWAYS_SEARCH_USER_PATHS = NO;
				ASSETCATALOG_COMPILER_GENERATE_SWIFT_ASSET_SYMBOL_EXTENSIONS = YES;
				CLANG_ANALYZER_NONNULL = YES;
				CLANG_ANALYZER_NUMBER_OBJECT_CONVERSION = YES_AGGRESSIVE;
				CLANG_CXX_LANGUAGE_STANDARD = "gnu++20";
				CLANG_ENABLE_MODULES = YES;
				CLANG_ENABLE_OBJC_ARC = YES;
				CLANG_ENABLE_OBJC_WEAK = YES;
				CLANG_WARN_BLOCK_CAPTURE_AUTORELEASING = YES;
				CLANG_WARN_BOOL_CONVERSION = YES;
				CLANG_WARN_COMMA = YES;
				CLANG_WARN_CONSTANT_CONVERSION = YES;
				CLANG_WARN_DEPRECATED_OBJC_IMPLEMENTATIONS = YES;
				CLANG_WARN_DIRECT_OBJC_ISA_USAGE = YES_ERROR;
				CLANG_WARN_DOCUMENTATION_COMMENTS = YES;
				CLANG_WARN_EMPTY_BODY = YES;
				CLANG_WARN_ENUM_CONVERSION = YES;
				CLANG_WARN_INFINITE_RECURSION = YES;
				CLANG_WARN_INT_CONVERSION = YES;
				CLANG_WARN_NON_LITERAL_NULL_CONVERSION = YES;
				CLANG_WARN_OBJC_IMPLICIT_RETAIN_SELF = YES;
				CLANG_WARN_OBJC_LITERAL_CONVERSION = YES;
				CLANG_WARN_OBJC_ROOT_CLASS = YES_ERROR;
				CLANG_WARN_QUOTED_INCLUDE_IN_FRAMEWORK_HEADER = YES;
				CLANG_WARN_RANGE_LOOP_ANALYSIS = YES;
				CLANG_WARN_STRICT_PROTOTYPES = YES;
				CLANG_WARN_SUSPICIOUS_MOVE = YES;
				CLANG_WARN_UNGUARDED_AVAILABILITY = YES_AGGRESSIVE;
				CLANG_WARN_UNREACHABLE_CODE = YES;
				CLANG_WARN__DUPLICATE_METHOD_MATCH = YES;
				COPY_PHASE_STRIP = NO;
				DEBUG_INFORMATION_FORMAT = dwarf;
				ENABLE_STRICT_OBJC_MSGSEND = YES;
				ENABLE_TESTABILITY = YES;
				ENABLE_USER_SCRIPT_SANDBOXING = YES;
				GCC_C_LANGUAGE_STANDARD = gnu17;
				GCC_DYNAMIC_NO_PIC = NO;
				GCC_NO_COMMON_BLOCKS = YES;
				GCC_OPTIMIZATION_LEVEL = 0;
				GCC_PREPROCESSOR_DEFINITIONS = (
					"DEBUG=1",
					"$(inherited)",
				);
				GCC_WARN_64_TO_32_BIT_CONVERSION = YES;
				GCC_WARN_ABOUT_RETURN_TYPE = YES_ERROR;
				GCC_WARN_UNDECLARED_SELECTOR = YES;
				GCC_WARN_UNINITIALIZED_AUTOS = YES_AGGRESSIVE;
				GCC_WARN_UNUSED_FUNCTION = YES;
				GCC_WARN_UNUSED_VARIABLE = YES;
				IPHONEOS_DEPLOYMENT_TARGET = 18.4;
				LOCALIZATION_PREFERS_STRING_CATALOGS = YES;
				MTL_ENABLE_DEBUG_INFO = INCLUDE_SOURCE;
				MTL_FAST_MATH = YES;
				ONLY_ACTIVE_ARCH = YES;
				SDKROOT = iphoneos;
				SWIFT_ACTIVE_COMPILATION_CONDITIONS = "DEBUG $(inherited)";
				SWIFT_OPTIMIZATION_LEVEL = "-Onone";
			};
			name = Debug;
		};
		043AA12A2DBE1B0F00EF0715 /* Release */ = {
			isa = XCBuildConfiguration;
			buildSettings = {
				ALWAYS_SEARCH_USER_PATHS = NO;
				ASSETCATALOG_COMPILER_GENERATE_SWIFT_ASSET_SYMBOL_EXTENSIONS = YES;
				CLANG_ANALYZER_NONNULL = YES;
				CLANG_ANALYZER_NUMBER_OBJECT_CONVERSION = YES_AGGRESSIVE;
				CLANG_CXX_LANGUAGE_STANDARD = "gnu++20";
				CLANG_ENABLE_MODULES = YES;
				CLANG_ENABLE_OBJC_ARC = YES;
				CLANG_ENABLE_OBJC_WEAK = YES;
				CLANG_WARN_BLOCK_CAPTURE_AUTORELEASING = YES;
				CLANG_WARN_BOOL_CONVERSION = YES;
				CLANG_WARN_COMMA = YES;
				CLANG_WARN_CONSTANT_CONVERSION = YES;
				CLANG_WARN_DEPRECATED_OBJC_IMPLEMENTATIONS = YES;
				CLANG_WARN_DIRECT_OBJC_ISA_USAGE = YES_ERROR;
				CLANG_WARN_DOCUMENTATION_COMMENTS = YES;
				CLANG_WARN_EMPTY_BODY = YES;
				CLANG_WARN_ENUM_CONVERSION = YES;
				CLANG_WARN_INFINITE_RECURSION = YES;
				CLANG_WARN_INT_CONVERSION = YES;
				CLANG_WARN_NON_LITERAL_NULL_CONVERSION = YES;
				CLANG_WARN_OBJC_IMPLICIT_RETAIN_SELF = YES;
				CLANG_WARN_OBJC_LITERAL_CONVERSION = YES;
				CLANG_WARN_OBJC_ROOT_CLASS = YES_ERROR;
				CLANG_WARN_QUOTED_INCLUDE_IN_FRAMEWORK_HEADER = YES;
				CLANG_WARN_RANGE_LOOP_ANALYSIS = YES;
				CLANG_WARN_STRICT_PROTOTYPES = YES;
				CLANG_WARN_SUSPICIOUS_MOVE = YES;
				CLANG_WARN_UNGUARDED_AVAILABILITY = YES_AGGRESSIVE;
				CLANG_WARN_UNREACHABLE_CODE = YES;
				CLANG_WARN__DUPLICATE_METHOD_MATCH = YES;
				COPY_PHASE_STRIP = NO;
				DEBUG_INFORMATION_FORMAT = "dwarf-with-dsym";
				ENABLE_NS_ASSERTIONS = NO;
				ENABLE_STRICT_OBJC_MSGSEND = YES;
				ENABLE_USER_SCRIPT_SANDBOXING = YES;
				GCC_C_LANGUAGE_STANDARD = gnu17;
				GCC_NO_COMMON_BLOCKS = YES;
				GCC_WARN_64_TO_32_BIT_CONVERSION = YES;
				GCC_WARN_ABOUT_RETURN_TYPE = YES_ERROR;
				GCC_WARN_UNDECLARED_SELECTOR = YES;
				GCC_WARN_UNINITIALIZED_AUTOS = YES_AGGRESSIVE;
				GCC_WARN_UNUSED_FUNCTION = YES;
				GCC_WARN_UNUSED_VARIABLE = YES;
				IPHONEOS_DEPLOYMENT_TARGET = 18.4;
				LOCALIZATION_PREFERS_STRING_CATALOGS = YES;
				MTL_ENABLE_DEBUG_INFO = NO;
				MTL_FAST_MATH = YES;
				SDKROOT = iphoneos;
				SWIFT_COMPILATION_MODE = wholemodule;
				VALIDATE_PRODUCT = YES;
			};
			name = Release;
		};
		043AA12C2DBE1B0F00EF0715 /* Debug */ = {
			isa = XCBuildConfiguration;
			buildSettings = {
				ASSETCATALOG_COMPILER_APPICON_NAME = AppIcon;
				ASSETCATALOG_COMPILER_GLOBAL_ACCENT_COLOR_NAME = AccentColor;
				CODE_SIGN_STYLE = Automatic;
				CURRENT_PROJECT_VERSION = 1;
				ENABLE_PREVIEWS = YES;
				GENERATE_INFOPLIST_FILE = YES;
				INFOPLIST_KEY_UIApplicationSceneManifest_Generation = YES;
				INFOPLIST_KEY_UIApplicationSupportsIndirectInputEvents = YES;
				INFOPLIST_KEY_UILaunchScreen_Generation = YES;
				INFOPLIST_KEY_UISupportedInterfaceOrientations_iPad = "UIInterfaceOrientationPortrait UIInterfaceOrientationPortraitUpsideDown UIInterfaceOrientationLandscapeLeft UIInterfaceOrientationLandscapeRight";
				INFOPLIST_KEY_UISupportedInterfaceOrientations_iPhone = "UIInterfaceOrientationPortrait UIInterfaceOrientationLandscapeLeft UIInterfaceOrientationLandscapeRight";
				LD_RUNPATH_SEARCH_PATHS = (
					"$(inherited)",
					"@executable_path/Frameworks",
				);
				MARKETING_VERSION = 1.0;
				PRODUCT_BUNDLE_IDENTIFIER = com.shuja.GitHubUserBrowserApp;
				PRODUCT_NAME = "$(TARGET_NAME)";
				SWIFT_EMIT_LOC_STRINGS = YES;
				SWIFT_VERSION = 5.0;
				TARGETED_DEVICE_FAMILY = "1,2";
			};
			name = Debug;
		};
		043AA12D2DBE1B0F00EF0715 /* Release */ = {
			isa = XCBuildConfiguration;
			buildSettings = {
				ASSETCATALOG_COMPILER_APPICON_NAME = AppIcon;
				ASSETCATALOG_COMPILER_GLOBAL_ACCENT_COLOR_NAME = AccentColor;
				CODE_SIGN_STYLE = Automatic;
				CURRENT_PROJECT_VERSION = 1;
				ENABLE_PREVIEWS = YES;
				GENERATE_INFOPLIST_FILE = YES;
				INFOPLIST_KEY_UIApplicationSceneManifest_Generation = YES;
				INFOPLIST_KEY_UIApplicationSupportsIndirectInputEvents = YES;
				INFOPLIST_KEY_UILaunchScreen_Generation = YES;
				INFOPLIST_KEY_UISupportedInterfaceOrientations_iPad = "UIInterfaceOrientationPortrait UIInterfaceOrientationPortraitUpsideDown UIInterfaceOrientationLandscapeLeft UIInterfaceOrientationLandscapeRight";
				INFOPLIST_KEY_UISupportedInterfaceOrientations_iPhone = "UIInterfaceOrientationPortrait UIInterfaceOrientationLandscapeLeft UIInterfaceOrientationLandscapeRight";
				LD_RUNPATH_SEARCH_PATHS = (
					"$(inherited)",
					"@executable_path/Frameworks",
				);
				MARKETING_VERSION = 1.0;
				PRODUCT_BUNDLE_IDENTIFIER = com.shuja.GitHubUserBrowserApp;
				PRODUCT_NAME = "$(TARGET_NAME)";
				SWIFT_EMIT_LOC_STRINGS = YES;
				SWIFT_VERSION = 5.0;
				TARGETED_DEVICE_FAMILY = "1,2";
			};
			name = Release;
		};
		043AA12F2DBE1B0F00EF0715 /* Debug */ = {
			isa = XCBuildConfiguration;
			buildSettings = {
				BUNDLE_LOADER = "$(TEST_HOST)";
				CODE_SIGN_STYLE = Automatic;
				CURRENT_PROJECT_VERSION = 1;
				GENERATE_INFOPLIST_FILE = YES;
				IPHONEOS_DEPLOYMENT_TARGET = 18.4;
				MARKETING_VERSION = 1.0;
				PRODUCT_BUNDLE_IDENTIFIER = com.shuja.GitHubUserBrowserAppTests;
				PRODUCT_NAME = "$(TARGET_NAME)";
				SWIFT_EMIT_LOC_STRINGS = NO;
				SWIFT_VERSION = 5.0;
				TARGETED_DEVICE_FAMILY = "1,2";
				TEST_HOST = "$(BUILT_PRODUCTS_DIR)/GitHubUserBrowserApp.app/$(BUNDLE_EXECUTABLE_FOLDER_PATH)/GitHubUserBrowserApp";
			};
			name = Debug;
		};
		043AA1302DBE1B0F00EF0715 /* Release */ = {
			isa = XCBuildConfiguration;
			buildSettings = {
				BUNDLE_LOADER = "$(TEST_HOST)";
				CODE_SIGN_STYLE = Automatic;
				CURRENT_PROJECT_VERSION = 1;
				GENERATE_INFOPLIST_FILE = YES;
				IPHONEOS_DEPLOYMENT_TARGET = 18.4;
				MARKETING_VERSION = 1.0;
				PRODUCT_BUNDLE_IDENTIFIER = com.shuja.GitHubUserBrowserAppTests;
				PRODUCT_NAME = "$(TARGET_NAME)";
				SWIFT_EMIT_LOC_STRINGS = NO;
				SWIFT_VERSION = 5.0;
				TARGETED_DEVICE_FAMILY = "1,2";
				TEST_HOST = "$(BUILT_PRODUCTS_DIR)/GitHubUserBrowserApp.app/$(BUNDLE_EXECUTABLE_FOLDER_PATH)/GitHubUserBrowserApp";
			};
			name = Release;
		};
		043AA1322DBE1B0F00EF0715 /* Debug */ = {
			isa = XCBuildConfiguration;
			buildSettings = {
				CODE_SIGN_STYLE = Automatic;
				CURRENT_PROJECT_VERSION = 1;
				GENERATE_INFOPLIST_FILE = YES;
				MARKETING_VERSION = 1.0;
				PRODUCT_BUNDLE_IDENTIFIER = com.shuja.GitHubUserBrowserAppUITests;
				PRODUCT_NAME = "$(TARGET_NAME)";
				SWIFT_EMIT_LOC_STRINGS = NO;
				SWIFT_VERSION = 5.0;
				TARGETED_DEVICE_FAMILY = "1,2";
				TEST_TARGET_NAME = GitHubUserBrowserApp;
			};
			name = Debug;
		};
		043AA1332DBE1B0F00EF0715 /* Release */ = {
			isa = XCBuildConfiguration;
			buildSettings = {
				CODE_SIGN_STYLE = Automatic;
				CURRENT_PROJECT_VERSION = 1;
				GENERATE_INFOPLIST_FILE = YES;
				MARKETING_VERSION = 1.0;
				PRODUCT_BUNDLE_IDENTIFIER = com.shuja.GitHubUserBrowserAppUITests;
				PRODUCT_NAME = "$(TARGET_NAME)";
				SWIFT_EMIT_LOC_STRINGS = NO;
				SWIFT_VERSION = 5.0;
				TARGETED_DEVICE_FAMILY = "1,2";
				TEST_TARGET_NAME = GitHubUserBrowserApp;
			};
			name = Release;
		};
/* End XCBuildConfiguration section */

/* Begin XCConfigurationList section */
		043AA1052DBE1B0D00EF0715 /* Build configuration list for PBXProject "GitHubUserBrowserApp" */ = {
			isa = XCConfigurationList;
			buildConfigurations = (
				043AA1292DBE1B0F00EF0715 /* Debug */,
				043AA12A2DBE1B0F00EF0715 /* Release */,
			);
			defaultConfigurationIsVisible = 0;
			defaultConfigurationName = Release;
		};
		043AA12B2DBE1B0F00EF0715 /* Build configuration list for PBXNativeTarget "GitHubUserBrowserApp" */ = {
			isa = XCConfigurationList;
			buildConfigurations = (
				043AA12C2DBE1B0F00EF0715 /* Debug */,
				043AA12D2DBE1B0F00EF0715 /* Release */,
			);
			defaultConfigurationIsVisible = 0;
			defaultConfigurationName = Release;
		};
		043AA12E2DBE1B0F00EF0715 /* Build configuration list for PBXNativeTarget "GitHubUserBrowserAppTests" */ = {
			isa = XCConfigurationList;
			buildConfigurations = (
				043AA12F2DBE1B0F00EF0715 /* Debug */,
				043AA1302DBE1B0F00EF0715 /* Release */,
			);
			defaultConfigurationIsVisible = 0;
			defaultConfigurationName = Release;
		};
		043AA1312DBE1B0F00EF0715 /* Build configuration list for PBXNativeTarget "GitHubUserBrowserAppUITests" */ = {
			isa = XCConfigurationList;
			buildConfigurations = (
				043AA1322DBE1B0F00EF0715 /* Debug */,
				043AA1332DBE1B0F00EF0715 /* Release */,
			);
			defaultConfigurationIsVisible = 0;
			defaultConfigurationName = Release;
		};
/* End XCConfigurationList section */
	};
	rootObject = 043AA1022DBE1B0D00EF0715 /* Project object */;
}
